{
  "name": "encoding-fun",
  "version": "1.0.0",
  "lockfileVersion": 1,
  "requires": true,
  "dependencies": {
    "async-stream-generator": {
      "version": "1.0.3",
      "resolved": "https://registry.npmjs.org/async-stream-generator/-/async-stream-generator-1.0.3.tgz",
      "integrity": "sha512-8yE+ByHfrBjMjBMvBFtLzyAhe84WDYzzMbg3ilseckBy0ogrzP8PU6qeOvi1XRKa2N+/Rdsi0NB7AtlaF6kkSw=="
    }
  }
}
